Microsoft Visual Studio Solution File, Format Version 12.00
# Visual Studio Version 17
VisualStudioVersion = 17.4.33403.182
MinimumVisualStudioVersion = 10.0.40219.1
Project("{9A19103F-16F7-4668-BE54-9A1E7A4F7556}") = "PhoneAssistant.WPF", "PhoneAssistant.WPF\PhoneAssistant.WPF.csproj", "{077E9DCC-BD4A-4125-A19C-D95769B7FF89}"
EndProject
Project("{9A19103F-16F7-4668-BE54-9A1E7A4F7556}") = "PhoneAssistant.Tests", "PhoneAssistant.Tests\PhoneAssistant.Tests.csproj", "{6259A2CB-55FF-4C7D-8585-DDF06E70FE67}"
EndProject
Project("{2150E333-8FDC-42A3-9474-1A3956D46DE8}") = "Solution Items", "Solution Items", "{CD669410-A0B4-4A90-8195-B741B24C3CEC}"
	ProjectSection(SolutionItems) = preProject
		.editorconfig = .editorconfig
		.gitignore = .gitignore
		Directory.Build.props = Directory.Build.props
		Directory.Packages.props = Directory.Packages.props
		Live2Test.ps1 = Live2Test.ps1
		publish.ps1 = publish.ps1
		README.md = README.md
	EndProjectSection
EndProject
Project("{9A19103F-16F7-4668-BE54-9A1E7A4F7556}") = "DbUtil", "DbUtil\DbUtil.csproj", "{CF10DA97-7A1D-49F8-9EE2-89C1953E1A8E}"
EndProject
Project("{9A19103F-16F7-4668-BE54-9A1E7A4F7556}") = "Reconcile", "Reconcile\Reconcile.csproj", "{5DD84559-9531-4D0C-A7D3-B8943DE68639}"
EndProject
Project("{9A19103F-16F7-4668-BE54-9A1E7A4F7556}") = "Reconcile.Tests", "Reconcile.Tests\Reconcile.Tests.csproj", "{B786C823-DA8C-4AB4-8471-7E24438C0ABF}"
EndProject
Project("{FAE04EC0-301F-11D3-BF4B-00C04F79EFBC}") = "DbUtil.Tests", "DbUtil.Tests\DbUtil.Tests.csproj", "{8A8BF375-9DE5-46EF-8ACE-B9D94B9252A9}"
EndProject
Project("{2150E333-8FDC-42A3-9474-1A3956D46DE8}") = ".github", ".github", "{9D3CA584-7B03-417C-BBFF-38976F6B9D5E}"
	ProjectSection(SolutionItems) = preProject
		.github\dependabot.yml = .github\dependabot.yml
	EndProjectSection
EndProject
Project("{2150E333-8FDC-42A3-9474-1A3956D46DE8}") = "workflows", "workflows", "{8EA2D9AF-203C-475A-8118-152C88EFAF22}"
	ProjectSection(SolutionItems) = preProject
		.github\workflows\ci.yml = .github\workflows\ci.yml
	EndProjectSection
EndProject
Project("{FAE04EC0-301F-11D3-BF4B-00C04F79EFBC}") = "PhoneAssistant.Model", "PhoneAssistant.Model\PhoneAssistant.Model.csproj", "{298D1B49-FFAA-4896-852E-7BA0E26F24B0}"
EndProject
Project("{FAE04EC0-301F-11D3-BF4B-00C04F79EFBC}") = "PhoneAssistant.Model.Tests", "PhoneAssistant.Model.Tests\PhoneAssistant.Model.Tests.csproj", "{7FAA9B04-F306-4533-A22F-D1067394B718}"
EndProject
Project("{FAE04EC0-301F-11D3-BF4B-00C04F79EFBC}") = "PhoneAssistant.Cli", "PhoneAssistant.Cli\PhoneAssistant.Cli.csproj", "{87408F6A-2075-4C50-A4E4-4680063AF277}"
EndProject
Global
	GlobalSection(SolutionConfigurationPlatforms) = preSolution
		Debug|Any CPU = Debug|Any CPU
		Release|Any CPU = Release|Any CPU
	EndGlobalSection
	GlobalSection(ProjectConfigurationPlatforms) = postSolution
		{077E9DCC-BD4A-4125-A19C-D95769B7FF89}.Debug|Any CPU.ActiveCfg = Debug|Any CPU
		{077E9DCC-BD4A-4125-A19C-D95769B7FF89}.Debug|Any CPU.Build.0 = Debug|Any CPU
		{077E9DCC-BD4A-4125-A19C-D95769B7FF89}.Release|Any CPU.ActiveCfg = Release|Any CPU
		{077E9DCC-BD4A-4125-A19C-D95769B7FF89}.Release|Any CPU.Build.0 = Release|Any CPU
		{6259A2CB-55FF-4C7D-8585-DDF06E70FE67}.Debug|Any CPU.ActiveCfg = Debug|Any CPU
		{6259A2CB-55FF-4C7D-8585-DDF06E70FE67}.Debug|Any CPU.Build.0 = Debug|Any CPU
		{6259A2CB-55FF-4C7D-8585-DDF06E70FE67}.Release|Any CPU.ActiveCfg = Release|Any CPU
		{6259A2CB-55FF-4C7D-8585-DDF06E70FE67}.Release|Any CPU.Build.0 = Release|Any CPU
		{CF10DA97-7A1D-49F8-9EE2-89C1953E1A8E}.Debug|Any CPU.ActiveCfg = Debug|Any CPU
		{CF10DA97-7A1D-49F8-9EE2-89C1953E1A8E}.Debug|Any CPU.Build.0 = Debug|Any CPU
		{CF10DA97-7A1D-49F8-9EE2-89C1953E1A8E}.Release|Any CPU.ActiveCfg = Release|Any CPU
		{CF10DA97-7A1D-49F8-9EE2-89C1953E1A8E}.Release|Any CPU.Build.0 = Release|Any CPU
		{5DD84559-9531-4D0C-A7D3-B8943DE68639}.Debug|Any CPU.ActiveCfg = Debug|Any CPU
		{5DD84559-9531-4D0C-A7D3-B8943DE68639}.Debug|Any CPU.Build.0 = Debug|Any CPU
		{5DD84559-9531-4D0C-A7D3-B8943DE68639}.Release|Any CPU.ActiveCfg = Release|Any CPU
		{5DD84559-9531-4D0C-A7D3-B8943DE68639}.Release|Any CPU.Build.0 = Release|Any CPU
		{B786C823-DA8C-4AB4-8471-7E24438C0ABF}.Debug|Any CPU.ActiveCfg = Debug|Any CPU
		{B786C823-DA8C-4AB4-8471-7E24438C0ABF}.Debug|Any CPU.Build.0 = Debug|Any CPU
		{B786C823-DA8C-4AB4-8471-7E24438C0ABF}.Release|Any CPU.ActiveCfg = Release|Any CPU
		{B786C823-DA8C-4AB4-8471-7E24438C0ABF}.Release|Any CPU.Build.0 = Release|Any CPU
		{8A8BF375-9DE5-46EF-8ACE-B9D94B9252A9}.Debug|Any CPU.ActiveCfg = Debug|Any CPU
		{8A8BF375-9DE5-46EF-8ACE-B9D94B9252A9}.Debug|Any CPU.Build.0 = Debug|Any CPU
		{8A8BF375-9DE5-46EF-8ACE-B9D94B9252A9}.Release|Any CPU.ActiveCfg = Release|Any CPU
		{8A8BF375-9DE5-46EF-8ACE-B9D94B9252A9}.Release|Any CPU.Build.0 = Release|Any CPU
		{298D1B49-FFAA-4896-852E-7BA0E26F24B0}.Debug|Any CPU.ActiveCfg = Debug|Any CPU
		{298D1B49-FFAA-4896-852E-7BA0E26F24B0}.Debug|Any CPU.Build.0 = Debug|Any CPU
		{298D1B49-FFAA-4896-852E-7BA0E26F24B0}.Release|Any CPU.ActiveCfg = Release|Any CPU
		{298D1B49-FFAA-4896-852E-7BA0E26F24B0}.Release|Any CPU.Build.0 = Release|Any CPU
		{7FAA9B04-F306-4533-A22F-D1067394B718}.Debug|Any CPU.ActiveCfg = Debug|Any CPU
		{7FAA9B04-F306-4533-A22F-D1067394B718}.Debug|Any CPU.Build.0 = Debug|Any CPU
		{7FAA9B04-F306-4533-A22F-D1067394B718}.Release|Any CPU.ActiveCfg = Release|Any CPU
		{7FAA9B04-F306-4533-A22F-D1067394B718}.Release|Any CPU.Build.0 = Release|Any CPU
		{87408F6A-2075-4C50-A4E4-4680063AF277}.Debug|Any CPU.ActiveCfg = Debug|Any CPU
		{87408F6A-2075-4C50-A4E4-4680063AF277}.Debug|Any CPU.Build.0 = Debug|Any CPU
		{87408F6A-2075-4C50-A4E4-4680063AF277}.Release|Any CPU.ActiveCfg = Release|Any CPU
		{87408F6A-2075-4C50-A4E4-4680063AF277}.Release|Any CPU.Build.0 = Release|Any CPU
	EndGlobalSection
	GlobalSection(SolutionProperties) = preSolution
		HideSolutionNode = FALSE
	EndGlobalSection
	GlobalSection(NestedProjects) = preSolution
		{8EA2D9AF-203C-475A-8118-152C88EFAF22} = {9D3CA584-7B03-417C-BBFF-38976F6B9D5E}
	EndGlobalSection
	GlobalSection(ExtensibilityGlobals) = postSolution
		SolutionGuid = {72A07A8D-4847-464D-A7B0-C1C3F61CF6F7}
	EndGlobalSection
EndGlobal
